
Microsoft Visual Studio Solution File, Format Version 12.00
# Visual Studio Version 17
VisualStudioVersion = 17.0.31903.59
MinimumVisualStudioVersion = 10.0.40219.1
Project("{2150E333-8FDC-42A3-9474-1A3956D46DE8}") = "src", "src", "{827E0CD3-B72D-47B6-A68D-7590B98EB39B}"
EndProject
Project("{2150E333-8FDC-42A3-9474-1A3956D46DE8}") = "WhoAndWhat.Core", "WhoAndWhat.Core", "{9A2D0D0B-DC9A-0564-727A-C34637C52690}"
EndProject
Project("{FAE04EC0-301F-11D3-BF4B-00C04F79EFBC}") = "WhoAndWhat.Core", "src\WhoAndWhat.Core\WhoAndWhat.Core\WhoAndWhat.Core.csproj", "{4535C91F-3161-4B7D-90C8-488FCE2B9E19}"
EndProject
Project("{2150E333-8FDC-42A3-9474-1A3956D46DE8}") = "WhoAndWhat.Application", "WhoAndWhat.Application", "{28DE7137-C976-2CAF-AEE4-0C5E02A6B4DB}"
EndProject
Project("{FAE04EC0-301F-11D3-BF4B-00C04F79EFBC}") = "WhoAndWhat.Application", "src\WhoAndWhat.Application\WhoAndWhat.Application\WhoAndWhat.Application.csproj", "{328ADA30-D0CC-4A16-BF10-BA3A28442703}"
EndProject
Project("{2150E333-8FDC-42A3-9474-1A3956D46DE8}") = "WhoAndWhat.Infrastructure", "WhoAndWhat.Infrastructure", "{1352195E-FA26-45D6-41B5-2C395802D634}"
EndProject
Project("{FAE04EC0-301F-11D3-BF4B-00C04F79EFBC}") = "WhoAndWhat.Infrastructure", "src\WhoAndWhat.Infrastructure\WhoAndWhat.Infrastructure\WhoAndWhat.Infrastructure.csproj", "{C0EE067A-B2A7-4957-99BC-D6292B5D7617}"
EndProject
Project("{2150E333-8FDC-42A3-9474-1A3956D46DE8}") = "WhoAndWhat.Shared", "WhoAndWhat.Shared", "{7D344C7E-4F8F-270C-6025-DD564509CC5F}"
EndProject
Project("{FAE04EC0-301F-11D3-BF4B-00C04F79EFBC}") = "WhoAndWhat.Shared", "src\WhoAndWhat.Shared\WhoAndWhat.Shared\WhoAndWhat.Shared.csproj", "{56A9D603-C83F-4AD5-9C7D-09BC35AD6A55}"
EndProject
Project("{2150E333-8FDC-42A3-9474-1A3956D46DE8}") = "WhoAndWhat.API", "WhoAndWhat.API", "{537BDE79-4050-5A27-ADC1-E907EA34FAA2}"
EndProject
Project("{FAE04EC0-301F-11D3-BF4B-00C04F79EFBC}") = "WhoAndWhat.API", "src\WhoAndWhat.API\WhoAndWhat.API\WhoAndWhat.API.csproj", "{49FE9D65-4539-4037-8BE4-D3DD7842F619}"
EndProject
Project("{2150E333-8FDC-42A3-9474-1A3956D46DE8}") = "WhoAndWhat.Blazor", "WhoAndWhat.Blazor", "{B78F6D2C-6FB5-6311-FA88-953147209152}"
EndProject
Project("{FAE04EC0-301F-11D3-BF4B-00C04F79EFBC}") = "WhoAndWhat.Blazor", "src\WhoAndWhat.Blazor\WhoAndWhat.Blazor\WhoAndWhat.Blazor.csproj", "{AAD5B424-A501-4C58-BE85-0398D3676688}"
EndProject
Project("{2150E333-8FDC-42A3-9474-1A3956D46DE8}") = "tests", "tests", "{0AB3BF05-4346-4AA6-1389-037BE0695223}"
EndProject
Project("{FAE04EC0-301F-11D3-BF4B-00C04F79EFBC}") = "WhoAndWhat.UnitTests", "tests\WhoAndWhat.UnitTests\WhoAndWhat.UnitTests.csproj", "{543F90DA-021C-43B1-98A7-6617C57BBD15}"
EndProject
Project("{FAE04EC0-301F-11D3-BF4B-00C04F79EFBC}") = "WhoAndWhat.IntegrationTests", "tests\WhoAndWhat.IntegrationTests\WhoAndWhat.IntegrationTests.csproj", "{42E20CFA-1DFA-4B5C-8347-735CF54D9DDA}"
EndProject
Project("{FAE04EC0-301F-11D3-BF4B-00C04F79EFBC}") = "WhoAndWhat.E2ETests", "tests\WhoAndWhat.E2ETests\WhoAndWhat.E2ETests.csproj", "{53F6BBDD-4AB2-474E-952B-CC6599779D61}"
EndProject
Global
	GlobalSection(SolutionConfigurationPlatforms) = preSolution
		Debug|Any CPU = Debug|Any CPU
		Debug|x64 = Debug|x64
		Debug|x86 = Debug|x86
		Release|Any CPU = Release|Any CPU
		Release|x64 = Release|x64
		Release|x86 = Release|x86
	EndGlobalSection
	GlobalSection(ProjectConfigurationPlatforms) = postSolution
		{4535C91F-3161-4B7D-90C8-488FCE2B9E19}.Debug|Any CPU.ActiveCfg = Debug|Any CPU
		{4535C91F-3161-4B7D-90C8-488FCE2B9E19}.Debug|Any CPU.Build.0 = Debug|Any CPU
		{4535C91F-3161-4B7D-90C8-488FCE2B9E19}.Debug|x64.ActiveCfg = Debug|Any CPU
		{4535C91F-3161-4B7D-90C8-488FCE2B9E19}.Debug|x64.Build.0 = Debug|Any CPU
		{4535C91F-3161-4B7D-90C8-488FCE2B9E19}.Debug|x86.ActiveCfg = Debug|Any CPU
		{4535C91F-3161-4B7D-90C8-488FCE2B9E19}.Debug|x86.Build.0 = Debug|Any CPU
		{4535C91F-3161-4B7D-90C8-488FCE2B9E19}.Release|Any CPU.ActiveCfg = Release|Any CPU
		{4535C91F-3161-4B7D-90C8-488FCE2B9E19}.Release|Any CPU.Build.0 = Release|Any CPU
		{4535C91F-3161-4B7D-90C8-488FCE2B9E19}.Release|x64.ActiveCfg = Release|Any CPU
		{4535C91F-3161-4B7D-90C8-488FCE2B9E19}.Release|x64.Build.0 = Release|Any CPU
		{4535C91F-3161-4B7D-90C8-488FCE2B9E19}.Release|x86.ActiveCfg = Release|Any CPU
		{4535C91F-3161-4B7D-90C8-488FCE2B9E19}.Release|x86.Build.0 = Release|Any CPU
		{328ADA30-D0CC-4A16-BF10-BA3A28442703}.Debug|Any CPU.ActiveCfg = Debug|Any CPU
		{328ADA30-D0CC-4A16-BF10-BA3A28442703}.Debug|Any CPU.Build.0 = Debug|Any CPU
		{328ADA30-D0CC-4A16-BF10-BA3A28442703}.Debug|x64.ActiveCfg = Debug|Any CPU
		{328ADA30-D0CC-4A16-BF10-BA3A28442703}.Debug|x64.Build.0 = Debug|Any CPU
		{328ADA30-D0CC-4A16-BF10-BA3A28442703}.Debug|x86.ActiveCfg = Debug|Any CPU
		{328ADA30-D0CC-4A16-BF10-BA3A28442703}.Debug|x86.Build.0 = Debug|Any CPU
		{328ADA30-D0CC-4A16-BF10-BA3A28442703}.Release|Any CPU.ActiveCfg = Release|Any CPU
		{328ADA30-D0CC-4A16-BF10-BA3A28442703}.Release|Any CPU.Build.0 = Release|Any CPU
		{328ADA30-D0CC-4A16-BF10-BA3A28442703}.Release|x64.ActiveCfg = Release|Any CPU
		{328ADA30-D0CC-4A16-BF10-BA3A28442703}.Release|x64.Build.0 = Release|Any CPU
		{328ADA30-D0CC-4A16-BF10-BA3A28442703}.Release|x86.ActiveCfg = Release|Any CPU
		{328ADA30-D0CC-4A16-BF10-BA3A28442703}.Release|x86.Build.0 = Release|Any CPU
		{C0EE067A-B2A7-4957-99BC-D6292B5D7617}.Debug|Any CPU.ActiveCfg = Debug|Any CPU
		{C0EE067A-B2A7-4957-99BC-D6292B5D7617}.Debug|Any CPU.Build.0 = Debug|Any CPU
		{C0EE067A-B2A7-4957-99BC-D6292B5D7617}.Debug|x64.ActiveCfg = Debug|Any CPU
		{C0EE067A-B2A7-4957-99BC-D6292B5D7617}.Debug|x64.Build.0 = Debug|Any CPU
		{C0EE067A-B2A7-4957-99BC-D6292B5D7617}.Debug|x86.ActiveCfg = Debug|Any CPU
		{C0EE067A-B2A7-4957-99BC-D6292B5D7617}.Debug|x86.Build.0 = Debug|Any CPU
		{C0EE067A-B2A7-4957-99BC-D6292B5D7617}.Release|Any CPU.ActiveCfg = Release|Any CPU
		{C0EE067A-B2A7-4957-99BC-D6292B5D7617}.Release|Any CPU.Build.0 = Release|Any CPU
		{C0EE067A-B2A7-4957-99BC-D6292B5D7617}.Release|x64.ActiveCfg = Release|Any CPU
		{C0EE067A-B2A7-4957-99BC-D6292B5D7617}.Release|x64.Build.0 = Release|Any CPU
		{C0EE067A-B2A7-4957-99BC-D6292B5D7617}.Release|x86.ActiveCfg = Release|Any CPU
		{C0EE067A-B2A7-4957-99BC-D6292B5D7617}.Release|x86.Build.0 = Release|Any CPU
		{56A9D603-C83F-4AD5-9C7D-09BC35AD6A55}.Debug|Any CPU.ActiveCfg = Debug|Any CPU
		{56A9D603-C83F-4AD5-9C7D-09BC35AD6A55}.Debug|Any CPU.Build.0 = Debug|Any CPU
		{56A9D603-C83F-4AD5-9C7D-09BC35AD6A55}.Debug|x64.ActiveCfg = Debug|Any CPU
		{56A9D603-C83F-4AD5-9C7D-09BC35AD6A55}.Debug|x64.Build.0 = Debug|Any CPU
		{56A9D603-C83F-4AD5-9C7D-09BC35AD6A55}.Debug|x86.ActiveCfg = Debug|Any CPU
		{56A9D603-C83F-4AD5-9C7D-09BC35AD6A55}.Debug|x86.Build.0 = Debug|Any CPU
		{56A9D603-C83F-4AD5-9C7D-09BC35AD6A55}.Release|Any CPU.ActiveCfg = Release|Any CPU
		{56A9D603-C83F-4AD5-9C7D-09BC35AD6A55}.Release|Any CPU.Build.0 = Release|Any CPU
		{56A9D603-C83F-4AD5-9C7D-09BC35AD6A55}.Release|x64.ActiveCfg = Release|Any CPU
		{56A9D603-C83F-4AD5-9C7D-09BC35AD6A55}.Release|x64.Build.0 = Release|Any CPU
		{56A9D603-C83F-4AD5-9C7D-09BC35AD6A55}.Release|x86.ActiveCfg = Release|Any CPU
		{56A9D603-C83F-4AD5-9C7D-09BC35AD6A55}.Release|x86.Build.0 = Release|Any CPU
		{49FE9D65-4539-4037-8BE4-D3DD7842F619}.Debug|Any CPU.ActiveCfg = Debug|Any CPU
		{49FE9D65-4539-4037-8BE4-D3DD7842F619}.Debug|Any CPU.Build.0 = Debug|Any CPU
		{49FE9D65-4539-4037-8BE4-D3DD7842F619}.Debug|x64.ActiveCfg = Debug|Any CPU
		{49FE9D65-4539-4037-8BE4-D3DD7842F619}.Debug|x64.Build.0 = Debug|Any CPU
		{49FE9D65-4539-4037-8BE4-D3DD7842F619}.Debug|x86.ActiveCfg = Debug|Any CPU
		{49FE9D65-4539-4037-8BE4-D3DD7842F619}.Debug|x86.Build.0 = Debug|Any CPU
		{49FE9D65-4539-4037-8BE4-D3DD7842F619}.Release|Any CPU.ActiveCfg = Release|Any CPU
		{49FE9D65-4539-4037-8BE4-D3DD7842F619}.Release|Any CPU.Build.0 = Release|Any CPU
		{49FE9D65-4539-4037-8BE4-D3DD7842F619}.Release|x64.ActiveCfg = Release|Any CPU
		{49FE9D65-4539-4037-8BE4-D3DD7842F619}.Release|x64.Build.0 = Release|Any CPU
		{49FE9D65-4539-4037-8BE4-D3DD7842F619}.Release|x86.ActiveCfg = Release|Any CPU
		{49FE9D65-4539-4037-8BE4-D3DD7842F619}.Release|x86.Build.0 = Release|Any CPU
		{AAD5B424-A501-4C58-BE85-0398D3676688}.Debug|Any CPU.ActiveCfg = Debug|Any CPU
		{AAD5B424-A501-4C58-BE85-0398D3676688}.Debug|Any CPU.Build.0 = Debug|Any CPU
		{AAD5B424-A501-4C58-BE85-0398D3676688}.Debug|x64.ActiveCfg = Debug|Any CPU
		{AAD5B424-A501-4C58-BE85-0398D3676688}.Debug|x64.Build.0 = Debug|Any CPU
		{AAD5B424-A501-4C58-BE85-0398D3676688}.Debug|x86.ActiveCfg = Debug|Any CPU
		{AAD5B424-A501-4C58-BE85-0398D3676688}.Debug|x86.Build.0 = Debug|Any CPU
		{AAD5B424-A501-4C58-BE85-0398D3676688}.Release|Any CPU.ActiveCfg = Release|Any CPU
		{AAD5B424-A501-4C58-BE85-0398D3676688}.Release|Any CPU.Build.0 = Release|Any CPU
		{AAD5B424-A501-4C58-BE85-0398D3676688}.Release|x64.ActiveCfg = Release|Any CPU
		{AAD5B424-A501-4C58-BE85-0398D3676688}.Release|x64.Build.0 = Release|Any CPU
		{AAD5B424-A501-4C58-BE85-0398D3676688}.Release|x86.ActiveCfg = Release|Any CPU
		{AAD5B424-A501-4C58-BE85-0398D3676688}.Release|x86.Build.0 = Release|Any CPU
		{543F90DA-021C-43B1-98A7-6617C57BBD15}.Debug|Any CPU.ActiveCfg = Debug|Any CPU
		{543F90DA-021C-43B1-98A7-6617C57BBD15}.Debug|Any CPU.Build.0 = Debug|Any CPU
		{543F90DA-021C-43B1-98A7-6617C57BBD15}.Debug|x64.ActiveCfg = Debug|Any CPU
		{543F90DA-021C-43B1-98A7-6617C57BBD15}.Debug|x64.Build.0 = Debug|Any CPU
		{543F90DA-021C-43B1-98A7-6617C57BBD15}.Debug|x86.ActiveCfg = Debug|Any CPU
		{543F90DA-021C-43B1-98A7-6617C57BBD15}.Debug|x86.Build.0 = Debug|Any CPU
		{543F90DA-021C-43B1-98A7-6617C57BBD15}.Release|Any CPU.ActiveCfg = Release|Any CPU
		{543F90DA-021C-43B1-98A7-6617C57BBD15}.Release|Any CPU.Build.0 = Release|Any CPU
		{543F90DA-021C-43B1-98A7-6617C57BBD15}.Release|x64.ActiveCfg = Release|Any CPU
		{543F90DA-021C-43B1-98A7-6617C57BBD15}.Release|x64.Build.0 = Release|Any CPU
		{543F90DA-021C-43B1-98A7-6617C57BBD15}.Release|x86.ActiveCfg = Release|Any CPU
		{543F90DA-021C-43B1-98A7-6617C57BBD15}.Release|x86.Build.0 = Release|Any CPU
		{42E20CFA-1DFA-4B5C-8347-735CF54D9DDA}.Debug|Any CPU.ActiveCfg = Debug|Any CPU
		{42E20CFA-1DFA-4B5C-8347-735CF54D9DDA}.Debug|Any CPU.Build.0 = Debug|Any CPU
		{42E20CFA-1DFA-4B5C-8347-735CF54D9DDA}.Debug|x64.ActiveCfg = Debug|Any CPU
		{42E20CFA-1DFA-4B5C-8347-735CF54D9DDA}.Debug|x64.Build.0 = Debug|Any CPU
		{42E20CFA-1DFA-4B5C-8347-735CF54D9DDA}.Debug|x86.ActiveCfg = Debug|Any CPU
		{42E20CFA-1DFA-4B5C-8347-735CF54D9DDA}.Debug|x86.Build.0 = Debug|Any CPU
		{42E20CFA-1DFA-4B5C-8347-735CF54D9DDA}.Release|Any CPU.ActiveCfg = Release|Any CPU
		{42E20CFA-1DFA-4B5C-8347-735CF54D9DDA}.Release|Any CPU.Build.0 = Release|Any CPU
		{42E20CFA-1DFA-4B5C-8347-735CF54D9DDA}.Release|x64.ActiveCfg = Release|Any CPU
		{42E20CFA-1DFA-4B5C-8347-735CF54D9DDA}.Release|x64.Build.0 = Release|Any CPU
		{42E20CFA-1DFA-4B5C-8347-735CF54D9DDA}.Release|x86.ActiveCfg = Release|Any CPU
		{42E20CFA-1DFA-4B5C-8347-735CF54D9DDA}.Release|x86.Build.0 = Release|Any CPU
		{53F6BBDD-4AB2-474E-952B-CC6599779D61}.Debug|Any CPU.ActiveCfg = Debug|Any CPU
		{53F6BBDD-4AB2-474E-952B-CC6599779D61}.Debug|Any CPU.Build.0 = Debug|Any CPU
		{53F6BBDD-4AB2-474E-952B-CC6599779D61}.Debug|x64.ActiveCfg = Debug|Any CPU
		{53F6BBDD-4AB2-474E-952B-CC6599779D61}.Debug|x64.Build.0 = Debug|Any CPU
		{53F6BBDD-4AB2-474E-952B-CC6599779D61}.Debug|x86.ActiveCfg = Debug|Any CPU
		{53F6BBDD-4AB2-474E-952B-CC6599779D61}.Debug|x86.Build.0 = Debug|Any CPU
		{53F6BBDD-4AB2-474E-952B-CC6599779D61}.Release|Any CPU.ActiveCfg = Release|Any CPU
		{53F6BBDD-4AB2-474E-952B-CC6599779D61}.Release|Any CPU.Build.0 = Release|Any CPU
		{53F6BBDD-4AB2-474E-952B-CC6599779D61}.Release|x64.ActiveCfg = Release|Any CPU
		{53F6BBDD-4AB2-474E-952B-CC6599779D61}.Release|x64.Build.0 = Release|Any CPU
		{53F6BBDD-4AB2-474E-952B-CC6599779D61}.Release|x86.ActiveCfg = Release|Any CPU
		{53F6BBDD-4AB2-474E-952B-CC6599779D61}.Release|x86.Build.0 = Release|Any CPU
	EndGlobalSection
	GlobalSection(SolutionProperties) = preSolution
		HideSolutionNode = FALSE
	EndGlobalSection
	GlobalSection(NestedProjects) = preSolution
		{9A2D0D0B-DC9A-0564-727A-C34637C52690} = {827E0CD3-B72D-47B6-A68D-7590B98EB39B}
		{4535C91F-3161-4B7D-90C8-488FCE2B9E19} = {9A2D0D0B-DC9A-0564-727A-C34637C52690}
		{28DE7137-C976-2CAF-AEE4-0C5E02A6B4DB} = {827E0CD3-B72D-47B6-A68D-7590B98EB39B}
		{328ADA30-D0CC-4A16-BF10-BA3A28442703} = {28DE7137-C976-2CAF-AEE4-0C5E02A6B4DB}
		{1352195E-FA26-45D6-41B5-2C395802D634} = {827E0CD3-B72D-47B6-A68D-7590B98EB39B}
		{C0EE067A-B2A7-4957-99BC-D6292B5D7617} = {1352195E-FA26-45D6-41B5-2C395802D634}
		{7D344C7E-4F8F-270C-6025-DD564509CC5F} = {827E0CD3-B72D-47B6-A68D-7590B98EB39B}
		{56A9D603-C83F-4AD5-9C7D-09BC35AD6A55} = {7D344C7E-4F8F-270C-6025-DD564509CC5F}
		{537BDE79-4050-5A27-ADC1-E907EA34FAA2} = {827E0CD3-B72D-47B6-A68D-7590B98EB39B}
		{49FE9D65-4539-4037-8BE4-D3DD7842F619} = {537BDE79-4050-5A27-ADC1-E907EA34FAA2}
		{B78F6D2C-6FB5-6311-FA88-953147209152} = {827E0CD3-B72D-47B6-A68D-7590B98EB39B}
		{AAD5B424-A501-4C58-BE85-0398D3676688} = {B78F6D2C-6FB5-6311-FA88-953147209152}
		{543F90DA-021C-43B1-98A7-6617C57BBD15} = {0AB3BF05-4346-4AA6-1389-037BE0695223}
		{42E20CFA-1DFA-4B5C-8347-735CF54D9DDA} = {0AB3BF05-4346-4AA6-1389-037BE0695223}
		{53F6BBDD-4AB2-474E-952B-CC6599779D61} = {0AB3BF05-4346-4AA6-1389-037BE0695223}
	EndGlobalSection
EndGlobal
